
Microsoft Visual Studio Solution File, Format Version 12.00
# Visual Studio Version 17
VisualStudioVersion = 17.8.34330.188
MinimumVisualStudioVersion = 10.0.40219.1
Project("{FAE04EC0-301F-11D3-BF4B-00C04F79EFBC}") = "cpt", "cpt\cpt.csproj", "{233F51B6-BFEA-4ECD-A223-473A990A0BB2}"
EndProject
Global
	GlobalSection(SolutionConfigurationPlatforms) = preSolution
		Debug|Any CPU = Debug|Any CPU
		Release|Any CPU = Release|Any CPU
	EndGlobalSection
	GlobalSection(ProjectConfigurationPlatforms) = postSolution
		{233F51B6-BFEA-4ECD-A223-473A990A0BB2}.Debug|Any CPU.ActiveCfg = Debug|Any CPU
		{233F51B6-BFEA-4ECD-A223-473A990A0BB2}.Debug|Any CPU.Build.0 = Debug|Any CPU
		{233F51B6-BFEA-4ECD-A223-473A990A0BB2}.Release|Any CPU.ActiveCfg = Release|Any CPU
		{233F51B6-BFEA-4ECD-A223-473A990A0BB2}.Release|Any CPU.Build.0 = Release|Any CPU
	EndGlobalSection
	GlobalSection(SolutionProperties) = preSolution
		HideSolutionNode = FALSE
	EndGlobalSection
	GlobalSection(ExtensibilityGlobals) = postSolution
		SolutionGuid = {48064F4B-2C0F-4ED1-BC88-6F92AEE37292}
	EndGlobalSection
EndGlobal
